
Microsoft Visual Studio Solution File, Format Version 12.00
# Visual Studio 15
Project("{FAE04EC0-301F-11D3-BF4B-00C04F79EFBC}") = "TPCWare.XFUserSecrets.Android", "TPCWare.XFUserSecrets.Android\TPCWare.XFUserSecrets.Android.csproj", "{B1E8D591-6355-4A84-B648-9D5A8B810E08}"
EndProject
Project("{FAE04EC0-301F-11D3-BF4B-00C04F79EFBC}") = "TPCWare.XFUserSecrets.iOS", "TPCWare.XFUserSecrets.iOS\TPCWare.XFUserSecrets.iOS.csproj", "{33417F59-A432-4BEB-A50A-42965D061714}"
EndProject
Project("{FAE04EC0-301F-11D3-BF4B-00C04F79EFBC}") = "TPCWare.XFUserSecrets", "TPCWare.XFUserSecrets\TPCWare.XFUserSecrets.csproj", "{6D95B7D6-A398-4768-8716-E24BFEFD5AC6}"
EndProject
Global
	GlobalSection(SolutionConfigurationPlatforms) = preSolution
		Debug|Any CPU = Debug|Any CPU
		Release|Any CPU = Release|Any CPU
		Debug|iPhoneSimulator = Debug|iPhoneSimulator
		Release|iPhoneSimulator = Release|iPhoneSimulator
		Debug|iPhone = Debug|iPhone
		Release|iPhone = Release|iPhone
	EndGlobalSection
	GlobalSection(ProjectConfigurationPlatforms) = postSolution
		{B1E8D591-6355-4A84-B648-9D5A8B810E08}.Debug|Any CPU.ActiveCfg = Debug|Any CPU
		{B1E8D591-6355-4A84-B648-9D5A8B810E08}.Debug|Any CPU.Build.0 = Debug|Any CPU
		{B1E8D591-6355-4A84-B648-9D5A8B810E08}.Release|Any CPU.ActiveCfg = Release|Any CPU
		{B1E8D591-6355-4A84-B648-9D5A8B810E08}.Release|Any CPU.Build.0 = Release|Any CPU
		{B1E8D591-6355-4A84-B648-9D5A8B810E08}.Debug|iPhoneSimulator.ActiveCfg = Debug|Any CPU
		{B1E8D591-6355-4A84-B648-9D5A8B810E08}.Debug|iPhoneSimulator.Build.0 = Debug|Any CPU
		{B1E8D591-6355-4A84-B648-9D5A8B810E08}.Release|iPhoneSimulator.ActiveCfg = Release|Any CPU
		{B1E8D591-6355-4A84-B648-9D5A8B810E08}.Release|iPhoneSimulator.Build.0 = Release|Any CPU
		{B1E8D591-6355-4A84-B648-9D5A8B810E08}.Debug|iPhone.ActiveCfg = Debug|Any CPU
		{B1E8D591-6355-4A84-B648-9D5A8B810E08}.Debug|iPhone.Build.0 = Debug|Any CPU
		{B1E8D591-6355-4A84-B648-9D5A8B810E08}.Release|iPhone.ActiveCfg = Release|Any CPU
		{B1E8D591-6355-4A84-B648-9D5A8B810E08}.Release|iPhone.Build.0 = Release|Any CPU
		{33417F59-A432-4BEB-A50A-42965D061714}.Debug|Any CPU.ActiveCfg = Debug|iPhoneSimulator
		{33417F59-A432-4BEB-A50A-42965D061714}.Debug|Any CPU.Build.0 = Debug|iPhoneSimulator
		{33417F59-A432-4BEB-A50A-42965D061714}.Release|Any CPU.ActiveCfg = Release|iPhoneSimulator
		{33417F59-A432-4BEB-A50A-42965D061714}.Release|Any CPU.Build.0 = Release|iPhoneSimulator
		{33417F59-A432-4BEB-A50A-42965D061714}.Debug|iPhoneSimulator.ActiveCfg = Debug|iPhoneSimulator
		{33417F59-A432-4BEB-A50A-42965D061714}.Debug|iPhoneSimulator.Build.0 = Debug|iPhoneSimulator
		{33417F59-A432-4BEB-A50A-42965D061714}.Release|iPhoneSimulator.ActiveCfg = Release|iPhoneSimulator
		{33417F59-A432-4BEB-A50A-42965D061714}.Release|iPhoneSimulator.Build.0 = Release|iPhoneSimulator
		{33417F59-A432-4BEB-A50A-42965D061714}.Debug|iPhone.ActiveCfg = Debug|iPhone
		{33417F59-A432-4BEB-A50A-42965D061714}.Debug|iPhone.Build.0 = Debug|iPhone
		{33417F59-A432-4BEB-A50A-42965D061714}.Release|iPhone.ActiveCfg = Release|iPhone
		{33417F59-A432-4BEB-A50A-42965D061714}.Release|iPhone.Build.0 = Release|iPhone
		{6D95B7D6-A398-4768-8716-E24BFEFD5AC6}.Debug|Any CPU.ActiveCfg = Debug|Any CPU
		{6D95B7D6-A398-4768-8716-E24BFEFD5AC6}.Debug|Any CPU.Build.0 = Debug|Any CPU
		{6D95B7D6-A398-4768-8716-E24BFEFD5AC6}.Release|Any CPU.ActiveCfg = Release|Any CPU
		{6D95B7D6-A398-4768-8716-E24BFEFD5AC6}.Release|Any CPU.Build.0 = Release|Any CPU
		{6D95B7D6-A398-4768-8716-E24BFEFD5AC6}.Debug|iPhoneSimulator.ActiveCfg = Debug|Any CPU
		{6D95B7D6-A398-4768-8716-E24BFEFD5AC6}.Debug|iPhoneSimulator.Build.0 = Debug|Any CPU
		{6D95B7D6-A398-4768-8716-E24BFEFD5AC6}.Release|iPhoneSimulator.ActiveCfg = Release|Any CPU
		{6D95B7D6-A398-4768-8716-E24BFEFD5AC6}.Release|iPhoneSimulator.Build.0 = Release|Any CPU
		{6D95B7D6-A398-4768-8716-E24BFEFD5AC6}.Debug|iPhone.ActiveCfg = Debug|Any CPU
		{6D95B7D6-A398-4768-8716-E24BFEFD5AC6}.Debug|iPhone.Build.0 = Debug|Any CPU
		{6D95B7D6-A398-4768-8716-E24BFEFD5AC6}.Release|iPhone.ActiveCfg = Release|Any CPU
		{6D95B7D6-A398-4768-8716-E24BFEFD5AC6}.Release|iPhone.Build.0 = Release|Any CPU
	EndGlobalSection
EndGlobal
